
Microsoft Visual Studio Solution File, Format Version 12.00
# Visual Studio 15
VisualStudioVersion = 15.0.28307.271
MinimumVisualStudioVersion = 10.0.40219.1
Project("{FAE04EC0-301F-11D3-BF4B-00C04F79EFBC}") = "Examples", "Examples\Examples.csproj", "{6A62E2C4-7D76-400B-9657-B7EA3C6D67B2}"
EndProject
Project("{FAE04EC0-301F-11D3-BF4B-00C04F79EFBC}") = "Summarizer.Core", "Summarizer.Core.csproj", "{0053BCA0-E0EA-405E-AA56-CE8B2DF8BAC2}"
EndProject
Project("{FAE04EC0-301F-11D3-BF4B-00C04F79EFBC}") = "Summarizer.Infrastructure", "SummarizationEngine.Infrastructure\Summarizer.Infrastructure.csproj", "{4414CC05-48D5-476F-888E-B2F2F0E94D58}"
EndProject
Global
	GlobalSection(SolutionConfigurationPlatforms) = preSolution
		Debug|Any CPU = Debug|Any CPU
		Release|Any CPU = Release|Any CPU
	EndGlobalSection
	GlobalSection(ProjectConfigurationPlatforms) = postSolution
		{6A62E2C4-7D76-400B-9657-B7EA3C6D67B2}.Debug|Any CPU.ActiveCfg = Debug|Any CPU
		{6A62E2C4-7D76-400B-9657-B7EA3C6D67B2}.Debug|Any CPU.Build.0 = Debug|Any CPU
		{6A62E2C4-7D76-400B-9657-B7EA3C6D67B2}.Release|Any CPU.ActiveCfg = Release|Any CPU
		{6A62E2C4-7D76-400B-9657-B7EA3C6D67B2}.Release|Any CPU.Build.0 = Release|Any CPU
		{0053BCA0-E0EA-405E-AA56-CE8B2DF8BAC2}.Debug|Any CPU.ActiveCfg = Debug|Any CPU
		{0053BCA0-E0EA-405E-AA56-CE8B2DF8BAC2}.Debug|Any CPU.Build.0 = Debug|Any CPU
		{0053BCA0-E0EA-405E-AA56-CE8B2DF8BAC2}.Release|Any CPU.ActiveCfg = Release|Any CPU
		{0053BCA0-E0EA-405E-AA56-CE8B2DF8BAC2}.Release|Any CPU.Build.0 = Release|Any CPU
		{4414CC05-48D5-476F-888E-B2F2F0E94D58}.Debug|Any CPU.ActiveCfg = Debug|Any CPU
		{4414CC05-48D5-476F-888E-B2F2F0E94D58}.Debug|Any CPU.Build.0 = Debug|Any CPU
		{4414CC05-48D5-476F-888E-B2F2F0E94D58}.Release|Any CPU.ActiveCfg = Release|Any CPU
		{4414CC05-48D5-476F-888E-B2F2F0E94D58}.Release|Any CPU.Build.0 = Release|Any CPU
	EndGlobalSection
	GlobalSection(SolutionProperties) = preSolution
		HideSolutionNode = FALSE
	EndGlobalSection
	GlobalSection(ExtensibilityGlobals) = postSolution
		SolutionGuid = {651EAE85-95D9-4BC5-AA9D-3534B3E4F28D}
	EndGlobalSection
EndGlobal
